
Microsoft Visual Studio Solution File, Format Version 12.00
# Visual Studio Version 16
VisualStudioVersion = 16.0.30804.86
MinimumVisualStudioVersion = 10.0.40219.1
Project("{9A19103F-16F7-4668-BE54-9A1E7A4F7556}") = "ProtobuffVsJson", "ConsoleApp1\ProtobuffVsJson.csproj", "{3917C3B4-A95E-4466-82F7-3F89CF9721B5}"
EndProject
Project("{FAE04EC0-301F-11D3-BF4B-00C04F79EFBC}") = "Protobuff.Tests", "Protobuff.Tests\Protobuff.Tests.csproj", "{7452842B-F202-48D9-8844-8453CF6E1491}"
EndProject
Global
	GlobalSection(SolutionConfigurationPlatforms) = preSolution
		Debug|Any CPU = Debug|Any CPU
		Release|Any CPU = Release|Any CPU
	EndGlobalSection
	GlobalSection(ProjectConfigurationPlatforms) = postSolution
		{3917C3B4-A95E-4466-82F7-3F89CF9721B5}.Debug|Any CPU.ActiveCfg = Debug|Any CPU
		{3917C3B4-A95E-4466-82F7-3F89CF9721B5}.Debug|Any CPU.Build.0 = Debug|Any CPU
		{3917C3B4-A95E-4466-82F7-3F89CF9721B5}.Release|Any CPU.ActiveCfg = Release|Any CPU
		{3917C3B4-A95E-4466-82F7-3F89CF9721B5}.Release|Any CPU.Build.0 = Release|Any CPU
		{7452842B-F202-48D9-8844-8453CF6E1491}.Debug|Any CPU.ActiveCfg = Debug|Any CPU
		{7452842B-F202-48D9-8844-8453CF6E1491}.Debug|Any CPU.Build.0 = Debug|Any CPU
		{7452842B-F202-48D9-8844-8453CF6E1491}.Release|Any CPU.ActiveCfg = Release|Any CPU
		{7452842B-F202-48D9-8844-8453CF6E1491}.Release|Any CPU.Build.0 = Release|Any CPU
	EndGlobalSection
	GlobalSection(SolutionProperties) = preSolution
		HideSolutionNode = FALSE
	EndGlobalSection
	GlobalSection(ExtensibilityGlobals) = postSolution
		SolutionGuid = {EF0C56F6-F749-4C3A-A266-8C7611919916}
	EndGlobalSection
EndGlobal
